
Microsoft Visual Studio Solution File, Format Version 12.00
# Visual Studio Version 16
VisualStudioVersion = 16.0.32228.343
MinimumVisualStudioVersion = 10.0.40219.1
Project("{FAE04EC0-301F-11D3-BF4B-00C04F79EFBC}") = "POS.Admin", "..\POS.Admin\POS.Admin.csproj", "{A3AC8649-BEF4-4C97-B3FB-FEF2278B2A7B}"
EndProject
Project("{FAE04EC0-301F-11D3-BF4B-00C04F79EFBC}") = "POS.Aux", "..\POS.Aux\POS.Aux.csproj", "{A5FD487C-F424-4C69-95C2-1E6585A3189D}"
EndProject
Project("{FAE04EC0-301F-11D3-BF4B-00C04F79EFBC}") = "POS", "..\POS\POS.csproj", "{51AB0D90-AC90-4F9A-864D-CA536966346F}"
EndProject
Global
	GlobalSection(SolutionConfigurationPlatforms) = preSolution
		Debug|Any CPU = Debug|Any CPU
		Debug|x64 = Debug|x64
		Release|Any CPU = Release|Any CPU
		Release|x64 = Release|x64
	EndGlobalSection
	GlobalSection(ProjectConfigurationPlatforms) = postSolution
		{A3AC8649-BEF4-4C97-B3FB-FEF2278B2A7B}.Debug|Any CPU.ActiveCfg = Debug|Any CPU
		{A3AC8649-BEF4-4C97-B3FB-FEF2278B2A7B}.Debug|Any CPU.Build.0 = Debug|Any CPU
		{A3AC8649-BEF4-4C97-B3FB-FEF2278B2A7B}.Debug|x64.ActiveCfg = Debug|x64
		{A3AC8649-BEF4-4C97-B3FB-FEF2278B2A7B}.Debug|x64.Build.0 = Debug|x64
		{A3AC8649-BEF4-4C97-B3FB-FEF2278B2A7B}.Release|Any CPU.ActiveCfg = Release|Any CPU
		{A3AC8649-BEF4-4C97-B3FB-FEF2278B2A7B}.Release|Any CPU.Build.0 = Release|Any CPU
		{A3AC8649-BEF4-4C97-B3FB-FEF2278B2A7B}.Release|x64.ActiveCfg = Release|x64
		{A3AC8649-BEF4-4C97-B3FB-FEF2278B2A7B}.Release|x64.Build.0 = Release|x64
		{A5FD487C-F424-4C69-95C2-1E6585A3189D}.Debug|Any CPU.ActiveCfg = Debug|Any CPU
		{A5FD487C-F424-4C69-95C2-1E6585A3189D}.Debug|Any CPU.Build.0 = Debug|Any CPU
		{A5FD487C-F424-4C69-95C2-1E6585A3189D}.Debug|x64.ActiveCfg = Debug|x64
		{A5FD487C-F424-4C69-95C2-1E6585A3189D}.Debug|x64.Build.0 = Debug|x64
		{A5FD487C-F424-4C69-95C2-1E6585A3189D}.Release|Any CPU.ActiveCfg = Release|Any CPU
		{A5FD487C-F424-4C69-95C2-1E6585A3189D}.Release|Any CPU.Build.0 = Release|Any CPU
		{A5FD487C-F424-4C69-95C2-1E6585A3189D}.Release|x64.ActiveCfg = Release|x64
		{A5FD487C-F424-4C69-95C2-1E6585A3189D}.Release|x64.Build.0 = Release|x64
		{51AB0D90-AC90-4F9A-864D-CA536966346F}.Debug|Any CPU.ActiveCfg = Debug|Any CPU
		{51AB0D90-AC90-4F9A-864D-CA536966346F}.Debug|Any CPU.Build.0 = Debug|Any CPU
		{51AB0D90-AC90-4F9A-864D-CA536966346F}.Debug|x64.ActiveCfg = Debug|x64
		{51AB0D90-AC90-4F9A-864D-CA536966346F}.Debug|x64.Build.0 = Debug|x64
		{51AB0D90-AC90-4F9A-864D-CA536966346F}.Release|Any CPU.ActiveCfg = Release|Any CPU
		{51AB0D90-AC90-4F9A-864D-CA536966346F}.Release|Any CPU.Build.0 = Release|Any CPU
		{51AB0D90-AC90-4F9A-864D-CA536966346F}.Release|x64.ActiveCfg = Release|x64
		{51AB0D90-AC90-4F9A-864D-CA536966346F}.Release|x64.Build.0 = Release|x64
	EndGlobalSection
	GlobalSection(SolutionProperties) = preSolution
		HideSolutionNode = FALSE
	EndGlobalSection
	GlobalSection(ExtensibilityGlobals) = postSolution
		SolutionGuid = {D1C26C89-9EA1-42F9-A47E-CB81A722EC70}
	EndGlobalSection
EndGlobal
